// !$*UTF8*$!
{
	archiveVersion = 1;
	classes = {
	};
	objectVersion = 56;
	objects = {

/* Begin PBXBuildFile section */
		74F6DFAB2A30F0E10026A308 /* PlayerModel.swift in Sources */ = {isa = PBXBuildFile; fileRef = 74F6DFAA2A30F0E10026A308 /* PlayerModel.swift */; };
		74F6DFAE2A30F1870026A308 /* CodableBundleExtension.swift in Sources */ = {isa = PBXBuildFile; fileRef = 74F6DFAD2A30F1870026A308 /* CodableBundleExtension.swift */; };
		74F6DFB02A30F3E80026A308 /* FeaturedItemView.swift in Sources */ = {isa = PBXBuildFile; fileRef = 74F6DFAF2A30F3E80026A308 /* FeaturedItemView.swift */; };
		74F6DFB22A30F4EC0026A308 /* FeaturedTabView.swift in Sources */ = {isa = PBXBuildFile; fileRef = 74F6DFB12A30F4EC0026A308 /* FeaturedTabView.swift */; };
		BD0F54B02A30757500478D3A /* TouchdownApp.swift in Sources */ = {isa = PBXBuildFile; fileRef = BD0F54AF2A30757500478D3A /* TouchdownApp.swift */; };
		BD0F54B22A30757500478D3A /* ContentView.swift in Sources */ = {isa = PBXBuildFile; fileRef = BD0F54B12A30757500478D3A /* ContentView.swift */; };
		BD0F54B42A30757800478D3A /* Assets.xcassets in Resources */ = {isa = PBXBuildFile; fileRef = BD0F54B32A30757800478D3A /* Assets.xcassets */; };
		BD0F54B72A30757800478D3A /* Preview Assets.xcassets in Resources */ = {isa = PBXBuildFile; fileRef = BD0F54B62A30757800478D3A /* Preview Assets.xcassets */; };
		BD0F54C12A30766800478D3A /* product.json in Resources */ = {isa = PBXBuildFile; fileRef = BD0F54BD2A30766800478D3A /* product.json */; };
		BD0F54C22A30766800478D3A /* category.json in Resources */ = {isa = PBXBuildFile; fileRef = BD0F54BE2A30766800478D3A /* category.json */; };
		BD0F54C32A30766800478D3A /* player.json in Resources */ = {isa = PBXBuildFile; fileRef = BD0F54BF2A30766800478D3A /* player.json */; };
		BD0F54C42A30766800478D3A /* brand.json in Resources */ = {isa = PBXBuildFile; fileRef = BD0F54C02A30766800478D3A /* brand.json */; };
		BD0F54CF2A3079CC00478D3A /* Constant.swift in Sources */ = {isa = PBXBuildFile; fileRef = BD0F54CE2A3079CC00478D3A /* Constant.swift */; };
		BD0F54D12A307A9600478D3A /* FooterView.swift in Sources */ = {isa = PBXBuildFile; fileRef = BD0F54D02A307A9600478D3A /* FooterView.swift */; };
		BD0F54D42A30A99800478D3A /* NavigationBarView.swift in Sources */ = {isa = PBXBuildFile; fileRef = BD0F54D32A30A99800478D3A /* NavigationBarView.swift */; };
		BD0F54D62A30AB3400478D3A /* LogoView.swift in Sources */ = {isa = PBXBuildFile; fileRef = BD0F54D52A30AB3400478D3A /* LogoView.swift */; };
		BD19F9C62A31A03300F43DD0 /* CategoryModel.swift in Sources */ = {isa = PBXBuildFile; fileRef = BD19F9C52A31A03300F43DD0 /* CategoryModel.swift */; };
		BD19F9C82A31A2C900F43DD0 /* CategoryItemView.swift in Sources */ = {isa = PBXBuildFile; fileRef = BD19F9C72A31A2C900F43DD0 /* CategoryItemView.swift */; };
		BD19F9CA2A31A52900F43DD0 /* CategoryGridView.swift in Sources */ = {isa = PBXBuildFile; fileRef = BD19F9C92A31A52900F43DD0 /* CategoryGridView.swift */; };
		BD19F9CC2A31A74500F43DD0 /* SectionView.swift in Sources */ = {isa = PBXBuildFile; fileRef = BD19F9CB2A31A74500F43DD0 /* SectionView.swift */; };
		BD19F9CE2A31ADF100F43DD0 /* TitleView.swift in Sources */ = {isa = PBXBuildFile; fileRef = BD19F9CD2A31ADF100F43DD0 /* TitleView.swift */; };
		BD19F9D02A31AEFE00F43DD0 /* ProductModel.swift in Sources */ = {isa = PBXBuildFile; fileRef = BD19F9CF2A31AEFE00F43DD0 /* ProductModel.swift */; };
		BD19F9D22A31AF9B00F43DD0 /* ProductItemView.swift in Sources */ = {isa = PBXBuildFile; fileRef = BD19F9D12A31AF9B00F43DD0 /* ProductItemView.swift */; };
		BD19F9D42A31BEBE00F43DD0 /* BrandModel.swift in Sources */ = {isa = PBXBuildFile; fileRef = BD19F9D32A31BEBE00F43DD0 /* BrandModel.swift */; };
		BD19F9D62A31C0D700F43DD0 /* BrandItemView.swift in Sources */ = {isa = PBXBuildFile; fileRef = BD19F9D52A31C0D700F43DD0 /* BrandItemView.swift */; };
		BD19F9D82A31C18B00F43DD0 /* BrandGridView.swift in Sources */ = {isa = PBXBuildFile; fileRef = BD19F9D72A31C18B00F43DD0 /* BrandGridView.swift */; };
		BD19F9DA2A31C34500F43DD0 /* ProductDetailView.swift in Sources */ = {isa = PBXBuildFile; fileRef = BD19F9D92A31C34500F43DD0 /* ProductDetailView.swift */; };
		BD19F9DC2A31C48E00F43DD0 /* NavigationBarDetailView.swift in Sources */ = {isa = PBXBuildFile; fileRef = BD19F9DB2A31C48E00F43DD0 /* NavigationBarDetailView.swift */; };
		BD19F9DE2A31C60800F43DD0 /* HeaderDetailView.swift in Sources */ = {isa = PBXBuildFile; fileRef = BD19F9DD2A31C60800F43DD0 /* HeaderDetailView.swift */; };
		BD19F9E22A31C6F800F43DD0 /* TopPartDetailView.swift in Sources */ = {isa = PBXBuildFile; fileRef = BD19F9E12A31C6F800F43DD0 /* TopPartDetailView.swift */; };
		BD19F9E42A31EF4200F43DD0 /* CustomShape.swift in Sources */ = {isa = PBXBuildFile; fileRef = BD19F9E32A31EF4200F43DD0 /* CustomShape.swift */; };
		BD19F9E62A31F0AE00F43DD0 /* RatingSizesDetailView.swift in Sources */ = {isa = PBXBuildFile; fileRef = BD19F9E52A31F0AE00F43DD0 /* RatingSizesDetailView.swift */; };
		BD19F9E82A31F46900F43DD0 /* QuantityFavoriteDetailView.swift in Sources */ = {isa = PBXBuildFile; fileRef = BD19F9E72A31F46900F43DD0 /* QuantityFavoriteDetailView.swift */; };
		BD19F9EA2A31F9F400F43DD0 /* AddToCartDetailView.swift in Sources */ = {isa = PBXBuildFile; fileRef = BD19F9E92A31F9F400F43DD0 /* AddToCartDetailView.swift */; };
		BD19F9EC2A31FBF100F43DD0 /* Shop.swift in Sources */ = {isa = PBXBuildFile; fileRef = BD19F9EB2A31FBF100F43DD0 /* Shop.swift */; };
/* End PBXBuildFile section */

/* Begin PBXFileReference section */
		74F6DFAA2A30F0E10026A308 /* PlayerModel.swift */ = {isa = PBXFileReference; lastKnownFileType = sourcecode.swift; path = PlayerModel.swift; sourceTree = "<group>"; };
		74F6DFAD2A30F1870026A308 /* CodableBundleExtension.swift */ = {isa = PBXFileReference; lastKnownFileType = sourcecode.swift; path = CodableBundleExtension.swift; sourceTree = "<group>"; };
		74F6DFAF2A30F3E80026A308 /* FeaturedItemView.swift */ = {isa = PBXFileReference; lastKnownFileType = sourcecode.swift; path = FeaturedItemView.swift; sourceTree = "<group>"; };
		74F6DFB12A30F4EC0026A308 /* FeaturedTabView.swift */ = {isa = PBXFileReference; lastKnownFileType = sourcecode.swift; path = FeaturedTabView.swift; sourceTree = "<group>"; };
		BD0F54AC2A30757500478D3A /* Touchdown.app */ = {isa = PBXFileReference; explicitFileType = wrapper.application; includeInIndex = 0; path = Touchdown.app; sourceTree = BUILT_PRODUCTS_DIR; };
		BD0F54AF2A30757500478D3A /* TouchdownApp.swift */ = {isa = PBXFileReference; lastKnownFileType = sourcecode.swift; path = TouchdownApp.swift; sourceTree = "<group>"; };
		BD0F54B12A30757500478D3A /* ContentView.swift */ = {isa = PBXFileReference; lastKnownFileType = sourcecode.swift; path = ContentView.swift; sourceTree = "<group>"; };
		BD0F54B32A30757800478D3A /* Assets.xcassets */ = {isa = PBXFileReference; lastKnownFileType = folder.assetcatalog; path = Assets.xcassets; sourceTree = "<group>"; };
		BD0F54B62A30757800478D3A /* Preview Assets.xcassets */ = {isa = PBXFileReference; lastKnownFileType = folder.assetcatalog; path = "Preview Assets.xcassets"; sourceTree = "<group>"; };
		BD0F54BD2A30766800478D3A /* product.json */ = {isa = PBXFileReference; fileEncoding = 4; lastKnownFileType = text.json; path = product.json; sourceTree = "<group>"; };
		BD0F54BE2A30766800478D3A /* category.json */ = {isa = PBXFileReference; fileEncoding = 4; lastKnownFileType = text.json; path = category.json; sourceTree = "<group>"; };
		BD0F54BF2A30766800478D3A /* player.json */ = {isa = PBXFileReference; fileEncoding = 4; lastKnownFileType = text.json; path = player.json; sourceTree = "<group>"; };
		BD0F54C02A30766800478D3A /* brand.json */ = {isa = PBXFileReference; fileEncoding = 4; lastKnownFileType = text.json; path = brand.json; sourceTree = "<group>"; };
		BD0F54C62A3076E400478D3A /* Info.plist */ = {isa = PBXFileReference; lastKnownFileType = text.plist; path = Info.plist; sourceTree = "<group>"; };
		BD0F54CE2A3079CC00478D3A /* Constant.swift */ = {isa = PBXFileReference; lastKnownFileType = sourcecode.swift; path = Constant.swift; sourceTree = "<group>"; };
		BD0F54D02A307A9600478D3A /* FooterView.swift */ = {isa = PBXFileReference; lastKnownFileType = sourcecode.swift; path = FooterView.swift; sourceTree = "<group>"; };
		BD0F54D32A30A99800478D3A /* NavigationBarView.swift */ = {isa = PBXFileReference; lastKnownFileType = sourcecode.swift; path = NavigationBarView.swift; sourceTree = "<group>"; };
		BD0F54D52A30AB3400478D3A /* LogoView.swift */ = {isa = PBXFileReference; lastKnownFileType = sourcecode.swift; path = LogoView.swift; sourceTree = "<group>"; };
		BD19F9C52A31A03300F43DD0 /* CategoryModel.swift */ = {isa = PBXFileReference; lastKnownFileType = sourcecode.swift; path = CategoryModel.swift; sourceTree = "<group>"; };
		BD19F9C72A31A2C900F43DD0 /* CategoryItemView.swift */ = {isa = PBXFileReference; lastKnownFileType = sourcecode.swift; path = CategoryItemView.swift; sourceTree = "<group>"; };
		BD19F9C92A31A52900F43DD0 /* CategoryGridView.swift */ = {isa = PBXFileReference; lastKnownFileType = sourcecode.swift; path = CategoryGridView.swift; sourceTree = "<group>"; };
		BD19F9CB2A31A74500F43DD0 /* SectionView.swift */ = {isa = PBXFileReference; lastKnownFileType = sourcecode.swift; path = SectionView.swift; sourceTree = "<group>"; };
		BD19F9CD2A31ADF100F43DD0 /* TitleView.swift */ = {isa = PBXFileReference; lastKnownFileType = sourcecode.swift; path = TitleView.swift; sourceTree = "<group>"; };
		BD19F9CF2A31AEFE00F43DD0 /* ProductModel.swift */ = {isa = PBXFileReference; lastKnownFileType = sourcecode.swift; path = ProductModel.swift; sourceTree = "<group>"; };
		BD19F9D12A31AF9B00F43DD0 /* ProductItemView.swift */ = {isa = PBXFileReference; lastKnownFileType = sourcecode.swift; path = ProductItemView.swift; sourceTree = "<group>"; };
		BD19F9D32A31BEBE00F43DD0 /* BrandModel.swift */ = {isa = PBXFileReference; lastKnownFileType = sourcecode.swift; path = BrandModel.swift; sourceTree = "<group>"; };
		BD19F9D52A31C0D700F43DD0 /* BrandItemView.swift */ = {isa = PBXFileReference; lastKnownFileType = sourcecode.swift; path = BrandItemView.swift; sourceTree = "<group>"; };
		BD19F9D72A31C18B00F43DD0 /* BrandGridView.swift */ = {isa = PBXFileReference; lastKnownFileType = sourcecode.swift; path = BrandGridView.swift; sourceTree = "<group>"; };
		BD19F9D92A31C34500F43DD0 /* ProductDetailView.swift */ = {isa = PBXFileReference; lastKnownFileType = sourcecode.swift; path = ProductDetailView.swift; sourceTree = "<group>"; };
		BD19F9DB2A31C48E00F43DD0 /* NavigationBarDetailView.swift */ = {isa = PBXFileReference; lastKnownFileType = sourcecode.swift; path = NavigationBarDetailView.swift; sourceTree = "<group>"; };
		BD19F9DD2A31C60800F43DD0 /* HeaderDetailView.swift */ = {isa = PBXFileReference; lastKnownFileType = sourcecode.swift; path = HeaderDetailView.swift; sourceTree = "<group>"; };
		BD19F9E12A31C6F800F43DD0 /* TopPartDetailView.swift */ = {isa = PBXFileReference; lastKnownFileType = sourcecode.swift; path = TopPartDetailView.swift; sourceTree = "<group>"; };
		BD19F9E32A31EF4200F43DD0 /* CustomShape.swift */ = {isa = PBXFileReference; lastKnownFileType = sourcecode.swift; path = CustomShape.swift; sourceTree = "<group>"; };
		BD19F9E52A31F0AE00F43DD0 /* RatingSizesDetailView.swift */ = {isa = PBXFileReference; lastKnownFileType = sourcecode.swift; path = RatingSizesDetailView.swift; sourceTree = "<group>"; };
		BD19F9E72A31F46900F43DD0 /* QuantityFavoriteDetailView.swift */ = {isa = PBXFileReference; lastKnownFileType = sourcecode.swift; path = QuantityFavoriteDetailView.swift; sourceTree = "<group>"; };
		BD19F9E92A31F9F400F43DD0 /* AddToCartDetailView.swift */ = {isa = PBXFileReference; lastKnownFileType = sourcecode.swift; path = AddToCartDetailView.swift; sourceTree = "<group>"; };
		BD19F9EB2A31FBF100F43DD0 /* Shop.swift */ = {isa = PBXFileReference; lastKnownFileType = sourcecode.swift; path = Shop.swift; sourceTree = "<group>"; };
/* End PBXFileReference section */

/* Begin PBXFrameworksBuildPhase section */
		BD0F54A92A30757500478D3A /* Frameworks */ = {
			isa = PBXFrameworksBuildPhase;
			buildActionMask = 2147483647;
			files = (
			);
			runOnlyForDeploymentPostprocessing = 0;
		};
/* End PBXFrameworksBuildPhase section */

/* Begin PBXGroup section */
		74F6DFA92A30F0BC0026A308 /* Model */ = {
			isa = PBXGroup;
			children = (
				74F6DFAA2A30F0E10026A308 /* PlayerModel.swift */,
				BD19F9C52A31A03300F43DD0 /* CategoryModel.swift */,
				BD19F9CF2A31AEFE00F43DD0 /* ProductModel.swift */,
				BD19F9D32A31BEBE00F43DD0 /* BrandModel.swift */,
			);
			path = Model;
			sourceTree = "<group>";
		};
		74F6DFAC2A30F1620026A308 /* Extension */ = {
			isa = PBXGroup;
			children = (
				74F6DFAD2A30F1870026A308 /* CodableBundleExtension.swift */,
			);
			path = Extension;
			sourceTree = "<group>";
		};
		BD0F54A32A30757500478D3A = {
			isa = PBXGroup;
			children = (
				BD0F54AE2A30757500478D3A /* Touchdown */,
				BD0F54AD2A30757500478D3A /* Products */,
			);
			sourceTree = "<group>";
		};
		BD0F54AD2A30757500478D3A /* Products */ = {
			isa = PBXGroup;
			children = (
				BD0F54AC2A30757500478D3A /* Touchdown.app */,
			);
			name = Products;
			sourceTree = "<group>";
		};
		BD0F54AE2A30757500478D3A /* Touchdown */ = {
			isa = PBXGroup;
			children = (
				74F6DFAC2A30F1620026A308 /* Extension */,
				BD0F54C72A30791C00478D3A /* App */,
				BD0F54C82A30793700478D3A /* View */,
				74F6DFA92A30F0BC0026A308 /* Model */,
				BD0F54C52A30768100478D3A /* Data */,
				BD0F54CD2A30797900478D3A /* Utility */,
				BD0F54C62A3076E400478D3A /* Info.plist */,
				BD0F54B32A30757800478D3A /* Assets.xcassets */,
				BD0F54B52A30757800478D3A /* Preview Content */,
			);
			path = Touchdown;
			sourceTree = "<group>";
		};
		BD0F54B52A30757800478D3A /* Preview Content */ = {
			isa = PBXGroup;
			children = (
				BD0F54B62A30757800478D3A /* Preview Assets.xcassets */,
			);
			path = "Preview Content";
			sourceTree = "<group>";
		};
		BD0F54C52A30768100478D3A /* Data */ = {
			isa = PBXGroup;
			children = (
				BD0F54C02A30766800478D3A /* brand.json */,
				BD0F54BE2A30766800478D3A /* category.json */,
				BD0F54BF2A30766800478D3A /* player.json */,
				BD0F54BD2A30766800478D3A /* product.json */,
			);
			path = Data;
			sourceTree = "<group>";
		};
		BD0F54C72A30791C00478D3A /* App */ = {
			isa = PBXGroup;
			children = (
				BD0F54AF2A30757500478D3A /* TouchdownApp.swift */,
				BD0F54B12A30757500478D3A /* ContentView.swift */,
				BD19F9D92A31C34500F43DD0 /* ProductDetailView.swift */,
			);
			path = App;
			sourceTree = "<group>";
		};
		BD0F54C82A30793700478D3A /* View */ = {
			isa = PBXGroup;
			children = (
				BD0F54CA2A30794D00478D3A /* Home */,
				BD0F54D72A31972200478D3A /* Detail */,
			);
			path = View;
			sourceTree = "<group>";
		};
		BD0F54CA2A30794D00478D3A /* Home */ = {
			isa = PBXGroup;
			children = (
				BD0F54D02A307A9600478D3A /* FooterView.swift */,
				BD0F54D32A30A99800478D3A /* NavigationBarView.swift */,
				BD0F54D52A30AB3400478D3A /* LogoView.swift */,
				74F6DFAF2A30F3E80026A308 /* FeaturedItemView.swift */,
				74F6DFB12A30F4EC0026A308 /* FeaturedTabView.swift */,
				BD19F9C72A31A2C900F43DD0 /* CategoryItemView.swift */,
				BD19F9C92A31A52900F43DD0 /* CategoryGridView.swift */,
				BD19F9CB2A31A74500F43DD0 /* SectionView.swift */,
				BD19F9CD2A31ADF100F43DD0 /* TitleView.swift */,
				BD19F9D12A31AF9B00F43DD0 /* ProductItemView.swift */,
				BD19F9D52A31C0D700F43DD0 /* BrandItemView.swift */,
				BD19F9D72A31C18B00F43DD0 /* BrandGridView.swift */,
			);
			path = Home;
			sourceTree = "<group>";
		};
		BD0F54CD2A30797900478D3A /* Utility */ = {
			isa = PBXGroup;
			children = (
				BD0F54CE2A3079CC00478D3A /* Constant.swift */,
				BD19F9E32A31EF4200F43DD0 /* CustomShape.swift */,
				BD19F9EB2A31FBF100F43DD0 /* Shop.swift */,
			);
			path = Utility;
			sourceTree = "<group>";
		};
		BD0F54D72A31972200478D3A /* Detail */ = {
			isa = PBXGroup;
			children = (
				BD19F9DB2A31C48E00F43DD0 /* NavigationBarDetailView.swift */,
				BD19F9DD2A31C60800F43DD0 /* HeaderDetailView.swift */,
				BD19F9E12A31C6F800F43DD0 /* TopPartDetailView.swift */,
				BD19F9E52A31F0AE00F43DD0 /* RatingSizesDetailView.swift */,
				BD19F9E72A31F46900F43DD0 /* QuantityFavoriteDetailView.swift */,
				BD19F9E92A31F9F400F43DD0 /* AddToCartDetailView.swift */,
			);
			path = Detail;
			sourceTree = "<group>";
		};
/* End PBXGroup section */

/* Begin PBXNativeTarget section */
		BD0F54AB2A30757500478D3A /* Touchdown */ = {
			isa = PBXNativeTarget;
			buildConfigurationList = BD0F54BA2A30757800478D3A /* Build configuration list for PBXNativeTarget "Touchdown" */;
			buildPhases = (
				BD0F54A82A30757500478D3A /* Sources */,
				BD0F54A92A30757500478D3A /* Frameworks */,
				BD0F54AA2A30757500478D3A /* Resources */,
			);
			buildRules = (
			);
			dependencies = (
			);
			name = Touchdown;
			productName = Touchdown;
			productReference = BD0F54AC2A30757500478D3A /* Touchdown.app */;
			productType = "com.apple.product-type.application";
		};
/* End PBXNativeTarget section */

/* Begin PBXProject section */
		BD0F54A42A30757500478D3A /* Project object */ = {
			isa = PBXProject;
			attributes = {
				BuildIndependentTargetsInParallel = 1;
				LastSwiftUpdateCheck = 1430;
				LastUpgradeCheck = 1430;
				TargetAttributes = {
					BD0F54AB2A30757500478D3A = {
						CreatedOnToolsVersion = 14.3.1;
					};
				};
			};
			buildConfigurationList = BD0F54A72A30757500478D3A /* Build configuration list for PBXProject "Touchdown" */;
			compatibilityVersion = "Xcode 14.0";
			developmentRegion = en;
			hasScannedForEncodings = 0;
			knownRegions = (
				en,
				Base,
			);
			mainGroup = BD0F54A32A30757500478D3A;
			productRefGroup = BD0F54AD2A30757500478D3A /* Products */;
			projectDirPath = "";
			projectRoot = "";
			targets = (
				BD0F54AB2A30757500478D3A /* Touchdown */,
			);
		};
/* End PBXProject section */

/* Begin PBXResourcesBuildPhase section */
		BD0F54AA2A30757500478D3A /* Resources */ = {
			isa = PBXResourcesBuildPhase;
			buildActionMask = 2147483647;
			files = (
				BD0F54C32A30766800478D3A /* player.json in Resources */,
				BD0F54B72A30757800478D3A /* Preview Assets.xcassets in Resources */,
				BD0F54B42A30757800478D3A /* Assets.xcassets in Resources */,
				BD0F54C12A30766800478D3A /* product.json in Resources */,
				BD0F54C22A30766800478D3A /* category.json in Resources */,
				BD0F54C42A30766800478D3A /* brand.json in Resources */,
			);
			runOnlyForDeploymentPostprocessing = 0;
		};
/* End PBXResourcesBuildPhase section */

/* Begin PBXSourcesBuildPhase section */
		BD0F54A82A30757500478D3A /* Sources */ = {
			isa = PBXSourcesBuildPhase;
			buildActionMask = 2147483647;
			files = (
				74F6DFAE2A30F1870026A308 /* CodableBundleExtension.swift in Sources */,
				BD19F9DE2A31C60800F43DD0 /* HeaderDetailView.swift in Sources */,
				BD19F9E22A31C6F800F43DD0 /* TopPartDetailView.swift in Sources */,
				BD0F54B22A30757500478D3A /* ContentView.swift in Sources */,
				BD19F9E82A31F46900F43DD0 /* QuantityFavoriteDetailView.swift in Sources */,
				BD0F54D62A30AB3400478D3A /* LogoView.swift in Sources */,
				BD0F54D12A307A9600478D3A /* FooterView.swift in Sources */,
				74F6DFB02A30F3E80026A308 /* FeaturedItemView.swift in Sources */,
				BD19F9EA2A31F9F400F43DD0 /* AddToCartDetailView.swift in Sources */,
				BD19F9D22A31AF9B00F43DD0 /* ProductItemView.swift in Sources */,
				BD19F9D82A31C18B00F43DD0 /* BrandGridView.swift in Sources */,
				BD0F54B02A30757500478D3A /* TouchdownApp.swift in Sources */,
				BD19F9DA2A31C34500F43DD0 /* ProductDetailView.swift in Sources */,
				BD19F9DC2A31C48E00F43DD0 /* NavigationBarDetailView.swift in Sources */,
				BD0F54CF2A3079CC00478D3A /* Constant.swift in Sources */,
				BD19F9CA2A31A52900F43DD0 /* CategoryGridView.swift in Sources */,
				BD19F9C62A31A03300F43DD0 /* CategoryModel.swift in Sources */,
				BD0F54D42A30A99800478D3A /* NavigationBarView.swift in Sources */,
				BD19F9CC2A31A74500F43DD0 /* SectionView.swift in Sources */,
				BD19F9D62A31C0D700F43DD0 /* BrandItemView.swift in Sources */,
				BD19F9C82A31A2C900F43DD0 /* CategoryItemView.swift in Sources */,
				BD19F9E62A31F0AE00F43DD0 /* RatingSizesDetailView.swift in Sources */,
				74F6DFB22A30F4EC0026A308 /* FeaturedTabView.swift in Sources */,
				BD19F9E42A31EF4200F43DD0 /* CustomShape.swift in Sources */,
				BD19F9EC2A31FBF100F43DD0 /* Shop.swift in Sources */,
				74F6DFAB2A30F0E10026A308 /* PlayerModel.swift in Sources */,
				BD19F9D42A31BEBE00F43DD0 /* BrandModel.swift in Sources */,
				BD19F9CE2A31ADF100F43DD0 /* TitleView.swift in Sources */,
				BD19F9D02A31AEFE00F43DD0 /* ProductModel.swift in Sources */,
			);
			runOnlyForDeploymentPostprocessing = 0;
		};
/* End PBXSourcesBuildPhase section */

/* Begin XCBuildConfiguration section */
		BD0F54B82A30757800478D3A /* Debug */ = {
			isa = XCBuildConfiguration;
			buildSettings = {
				ALWAYS_SEARCH_USER_PATHS = NO;
				CLANG_ANALYZER_NONNULL = YES;
				CLANG_ANALYZER_NUMBER_OBJECT_CONVERSION = YES_AGGRESSIVE;
				CLANG_CXX_LANGUAGE_STANDARD = "gnu++20";
				CLANG_ENABLE_MODULES = YES;
				CLANG_ENABLE_OBJC_ARC = YES;
				CLANG_ENABLE_OBJC_WEAK = YES;
				CLANG_WARN_BLOCK_CAPTURE_AUTORELEASING = YES;
				CLANG_WARN_BOOL_CONVERSION = YES;
				CLANG_WARN_COMMA = YES;
				CLANG_WARN_CONSTANT_CONVERSION = YES;
				CLANG_WARN_DEPRECATED_OBJC_IMPLEMENTATIONS = YES;
				CLANG_WARN_DIRECT_OBJC_ISA_USAGE = YES_ERROR;
				CLANG_WARN_DOCUMENTATION_COMMENTS = YES;
				CLANG_WARN_EMPTY_BODY = YES;
				CLANG_WARN_ENUM_CONVERSION = YES;
				CLANG_WARN_INFINITE_RECURSION = YES;
				CLANG_WARN_INT_CONVERSION = YES;
				CLANG_WARN_NON_LITERAL_NULL_CONVERSION = YES;
				CLANG_WARN_OBJC_IMPLICIT_RETAIN_SELF = YES;
				CLANG_WARN_OBJC_LITERAL_CONVERSION = YES;
				CLANG_WARN_OBJC_ROOT_CLASS = YES_ERROR;
				CLANG_WARN_QUOTED_INCLUDE_IN_FRAMEWORK_HEADER = YES;
				CLANG_WARN_RANGE_LOOP_ANALYSIS = YES;
				CLANG_WARN_STRICT_PROTOTYPES = YES;
				CLANG_WARN_SUSPICIOUS_MOVE = YES;
				CLANG_WARN_UNGUARDED_AVAILABILITY = YES_AGGRESSIVE;
				CLANG_WARN_UNREACHABLE_CODE = YES;
				CLANG_WARN__DUPLICATE_METHOD_MATCH = YES;
				COPY_PHASE_STRIP = NO;
				DEBUG_INFORMATION_FORMAT = dwarf;
				ENABLE_STRICT_OBJC_MSGSEND = YES;
				ENABLE_TESTABILITY = YES;
				GCC_C_LANGUAGE_STANDARD = gnu11;
				GCC_DYNAMIC_NO_PIC = NO;
				GCC_NO_COMMON_BLOCKS = YES;
				GCC_OPTIMIZATION_LEVEL = 0;
				GCC_PREPROCESSOR_DEFINITIONS = (
					"DEBUG=1",
					"$(inherited)",
				);
				GCC_WARN_64_TO_32_BIT_CONVERSION = YES;
				GCC_WARN_ABOUT_RETURN_TYPE = YES_ERROR;
				GCC_WARN_UNDECLARED_SELECTOR = YES;
				GCC_WARN_UNINITIALIZED_AUTOS = YES_AGGRESSIVE;
				GCC_WARN_UNUSED_FUNCTION = YES;
				GCC_WARN_UNUSED_VARIABLE = YES;
				IPHONEOS_DEPLOYMENT_TARGET = 16.4;
				MTL_ENABLE_DEBUG_INFO = INCLUDE_SOURCE;
				MTL_FAST_MATH = YES;
				ONLY_ACTIVE_ARCH = YES;
				SDKROOT = iphoneos;
				SWIFT_ACTIVE_COMPILATION_CONDITIONS = DEBUG;
				SWIFT_OPTIMIZATION_LEVEL = "-Onone";
			};
			name = Debug;
		};
		BD0F54B92A30757800478D3A /* Release */ = {
			isa = XCBuildConfiguration;
			buildSettings = {
				ALWAYS_SEARCH_USER_PATHS = NO;
				CLANG_ANALYZER_NONNULL = YES;
				CLANG_ANALYZER_NUMBER_OBJECT_CONVERSION = YES_AGGRESSIVE;
				CLANG_CXX_LANGUAGE_STANDARD = "gnu++20";
				CLANG_ENABLE_MODULES = YES;
				CLANG_ENABLE_OBJC_ARC = YES;
				CLANG_ENABLE_OBJC_WEAK = YES;
				CLANG_WARN_BLOCK_CAPTURE_AUTORELEASING = YES;
				CLANG_WARN_BOOL_CONVERSION = YES;
				CLANG_WARN_COMMA = YES;
				CLANG_WARN_CONSTANT_CONVERSION = YES;
				CLANG_WARN_DEPRECATED_OBJC_IMPLEMENTATIONS = YES;
				CLANG_WARN_DIRECT_OBJC_ISA_USAGE = YES_ERROR;
				CLANG_WARN_DOCUMENTATION_COMMENTS = YES;
				CLANG_WARN_EMPTY_BODY = YES;
				CLANG_WARN_ENUM_CONVERSION = YES;
				CLANG_WARN_INFINITE_RECURSION = YES;
				CLANG_WARN_INT_CONVERSION = YES;
				CLANG_WARN_NON_LITERAL_NULL_CONVERSION = YES;
				CLANG_WARN_OBJC_IMPLICIT_RETAIN_SELF = YES;
				CLANG_WARN_OBJC_LITERAL_CONVERSION = YES;
				CLANG_WARN_OBJC_ROOT_CLASS = YES_ERROR;
				CLANG_WARN_QUOTED_INCLUDE_IN_FRAMEWORK_HEADER = YES;
				CLANG_WARN_RANGE_LOOP_ANALYSIS = YES;
				CLANG_WARN_STRICT_PROTOTYPES = YES;
				CLANG_WARN_SUSPICIOUS_MOVE = YES;
				CLANG_WARN_UNGUARDED_AVAILABILITY = YES_AGGRESSIVE;
				CLANG_WARN_UNREACHABLE_CODE = YES;
				CLANG_WARN__DUPLICATE_METHOD_MATCH = YES;
				COPY_PHASE_STRIP = NO;
				DEBUG_INFORMATION_FORMAT = "dwarf-with-dsym";
				ENABLE_NS_ASSERTIONS = NO;
				ENABLE_STRICT_OBJC_MSGSEND = YES;
				GCC_C_LANGUAGE_STANDARD = gnu11;
				GCC_NO_COMMON_BLOCKS = YES;
				GCC_WARN_64_TO_32_BIT_CONVERSION = YES;
				GCC_WARN_ABOUT_RETURN_TYPE = YES_ERROR;
				GCC_WARN_UNDECLARED_SELECTOR = YES;
				GCC_WARN_UNINITIALIZED_AUTOS = YES_AGGRESSIVE;
				GCC_WARN_UNUSED_FUNCTION = YES;
				GCC_WARN_UNUSED_VARIABLE = YES;
				IPHONEOS_DEPLOYMENT_TARGET = 16.4;
				MTL_ENABLE_DEBUG_INFO = NO;
				MTL_FAST_MATH = YES;
				SDKROOT = iphoneos;
				SWIFT_COMPILATION_MODE = wholemodule;
				SWIFT_OPTIMIZATION_LEVEL = "-O";
				VALIDATE_PRODUCT = YES;
			};
			name = Release;
		};
		BD0F54BB2A30757800478D3A /* Debug */ = {
			isa = XCBuildConfiguration;
			buildSettings = {
				ASSETCATALOG_COMPILER_APPICON_NAME = AppIcon;
				ASSETCATALOG_COMPILER_GLOBAL_ACCENT_COLOR_NAME = AccentColor;
				CODE_SIGN_STYLE = Automatic;
				CURRENT_PROJECT_VERSION = 1;
				DEVELOPMENT_ASSET_PATHS = "\"Touchdown/Preview Content\"";
				DEVELOPMENT_TEAM = LD9FYT4B2R;
				ENABLE_PREVIEWS = YES;
				GENERATE_INFOPLIST_FILE = YES;
				INFOPLIST_FILE = Touchdown/Info.plist;
				INFOPLIST_KEY_UIApplicationSceneManifest_Generation = YES;
				INFOPLIST_KEY_UIApplicationSupportsIndirectInputEvents = YES;
				INFOPLIST_KEY_UISupportedInterfaceOrientations = UIInterfaceOrientationPortrait;
				INFOPLIST_KEY_UIUserInterfaceStyle = Light;
				IPHONEOS_DEPLOYMENT_TARGET = 15.0;
				LD_RUNPATH_SEARCH_PATHS = (
					"$(inherited)",
					"@executable_path/Frameworks",
				);
				MARKETING_VERSION = 1.0;
				PRODUCT_BUNDLE_IDENTIFIER = com.atash.Touchdown;
				PRODUCT_NAME = "$(TARGET_NAME)";
				SWIFT_EMIT_LOC_STRINGS = YES;
				SWIFT_VERSION = 5.0;
				TARGETED_DEVICE_FAMILY = "1,2";
			};
			name = Debug;
		};
		BD0F54BC2A30757800478D3A /* Release */ = {
			isa = XCBuildConfiguration;
			buildSettings = {
				ASSETCATALOG_COMPILER_APPICON_NAME = AppIcon;
				ASSETCATALOG_COMPILER_GLOBAL_ACCENT_COLOR_NAME = AccentColor;
				CODE_SIGN_STYLE = Automatic;
				CURRENT_PROJECT_VERSION = 1;
				DEVELOPMENT_ASSET_PATHS = "\"Touchdown/Preview Content\"";
				DEVELOPMENT_TEAM = LD9FYT4B2R;
				ENABLE_PREVIEWS = YES;
				GENERATE_INFOPLIST_FILE = YES;
				INFOPLIST_FILE = Touchdown/Info.plist;
				INFOPLIST_KEY_UIApplicationSceneManifest_Generation = YES;
				INFOPLIST_KEY_UIApplicationSupportsIndirectInputEvents = YES;
				INFOPLIST_KEY_UISupportedInterfaceOrientations = UIInterfaceOrientationPortrait;
				INFOPLIST_KEY_UIUserInterfaceStyle = Light;
				IPHONEOS_DEPLOYMENT_TARGET = 15.0;
				LD_RUNPATH_SEARCH_PATHS = (
					"$(inherited)",
					"@executable_path/Frameworks",
				);
				MARKETING_VERSION = 1.0;
				PRODUCT_BUNDLE_IDENTIFIER = com.atash.Touchdown;
				PRODUCT_NAME = "$(TARGET_NAME)";
				SWIFT_EMIT_LOC_STRINGS = YES;
				SWIFT_VERSION = 5.0;
				TARGETED_DEVICE_FAMILY = "1,2";
			};
			name = Release;
		};
/* End XCBuildConfiguration section */

/* Begin XCConfigurationList section */
		BD0F54A72A30757500478D3A /* Build configuration list for PBXProject "Touchdown" */ = {
			isa = XCConfigurationList;
			buildConfigurations = (
				BD0F54B82A30757800478D3A /* Debug */,
				BD0F54B92A30757800478D3A /* Release */,
			);
			defaultConfigurationIsVisible = 0;
			defaultConfigurationName = Release;
		};
		BD0F54BA2A30757800478D3A /* Build configuration list for PBXNativeTarget "Touchdown" */ = {
			isa = XCConfigurationList;
			buildConfigurations = (
				BD0F54BB2A30757800478D3A /* Debug */,
				BD0F54BC2A30757800478D3A /* Release */,
			);
			defaultConfigurationIsVisible = 0;
			defaultConfigurationName = Release;
		};
/* End XCConfigurationList section */
	};
	rootObject = BD0F54A42A30757500478D3A /* Project object */;
}
